<?xml version="1.0" encoding="utf-8"?>
<Project ToolsVersion="4.0" xmlns="http://schemas.microsoft.com/developer/msbuild/2003">
  <ItemGroup>
    <Filter Include="Resource Files">
      <UniqueIdentifier>{D9D6E242-F8AF-46E4-B9FD-80ECBC20BA3E}</UniqueIdentifier>
      <Extensions>qrc;*</Extensions>
      <ParseFiles>false</ParseFiles>
    </Filter>
    <Filter Include="Generated Files">
      <UniqueIdentifier>{71ED8ED8-ACB9-4CE9-BBE1-E00B30144E11}</UniqueIdentifier>
      <Extensions>moc;h;cpp</Extensions>
      <SourceControlFiles>False</SourceControlFiles>
    </Filter>
    <Filter Include="Generated Files\Debug">
      <UniqueIdentifier>{9062c398-301e-46aa-9928-dd1060a00c31}</UniqueIdentifier>
      <Extensions>cpp;moc</Extensions>
      <SourceControlFiles>False</SourceControlFiles>
    </Filter>
    <Filter Include="Generated Files\Release">
      <UniqueIdentifier>{6054fdc3-6657-4633-9ee6-935908cdcef0}</UniqueIdentifier>
      <Extensions>cpp;moc</Extensions>
      <SourceControlFiles>False</SourceControlFiles>
    </Filter>
    <Filter Include="Code Files">
      <UniqueIdentifier>{4FC737F1-C7A5-4376-A066-2A32D752A2FF}</UniqueIdentifier>
      <Extensions>cpp;cxx;c;def</Extensions>
    </Filter>
    <Filter Include="Code Files\Core">
      <UniqueIdentifier>{a10cc27c-338d-472f-b20d-c781ab752d6b}</UniqueIdentifier>
    </Filter>
    <Filter Include="Code Files\Core\Event">
      <UniqueIdentifier>{2d4768d4-41e7-48cf-b7ec-fad82898947c}</UniqueIdentifier>
    </Filter>
    <Filter Include="Code Files\Core\Object">
      <UniqueIdentifier>{5e39891f-7e1b-4b81-a19d-729b8eacf90c}</UniqueIdentifier>
    </Filter>
    <Filter Include="Code Files\Core\Event\EventObject">
      <UniqueIdentifier>{67eee53a-6e9e-4718-8c43-6da33ce1b736}</UniqueIdentifier>
    </Filter>
    <Filter Include="Code Files\Core\Object\ObjectEvent">
      <UniqueIdentifier>{3d7fd7fc-ae36-47e8-80d6-443784b9fa28}</UniqueIdentifier>
    </Filter>
    <Filter Include="Code Files\Core\Object\Object">
      <UniqueIdentifier>{bb73c510-b93b-44fb-a50d-478c80bbdb43}</UniqueIdentifier>
    </Filter>
    <Filter Include="Code Files\Core\Xml">
      <UniqueIdentifier>{11926038-9c84-4491-b57b-5b2a84d404fe}</UniqueIdentifier>
    </Filter>
    <Filter Include="Code Files\Core\Xml\GuiXml">
      <UniqueIdentifier>{a95163a4-c5c1-4ada-a0b0-0fdde9782285}</UniqueIdentifier>
    </Filter>
  </ItemGroup>
  <ItemGroup>
    <ClCompile Include="GeneratedFiles\qrc_herplasqtcode.cpp">
      <Filter>Generated Files</Filter>
    </ClCompile>
    <ClCompile Include="CodeFiles\Main.cpp">
      <Filter>Code Files</Filter>
    </ClCompile>
    <ClCompile Include="CodeFiles\Core\Event\EventObject\EventObject.cpp">
      <Filter>Code Files\Core\Event\EventObject</Filter>
    </ClCompile>
    <ClCompile Include="CodeFiles\Core\Object\Object\Object.cpp">
      <Filter>Code Files\Core\Object\Object</Filter>
    </ClCompile>
    <ClCompile Include="CodeFiles\Core\Object\ObjectEvent\ObjectEvent.cpp">
      <Filter>Code Files\Core\Object\ObjectEvent</Filter>
    </ClCompile>
    <ClCompile Include="CodeFiles\Core\Xml\GuiXml\GuiXml.cpp">
      <Filter>Code Files\Core\Xml\GuiXml</Filter>
    </ClCompile>
  </ItemGroup>
  <ItemGroup>
    <CustomBuild Include="herplasqtcode.qrc">
      <Filter>Resource Files</Filter>
    </CustomBuild>
  </ItemGroup>
  <ItemGroup>
    <ClInclude Include="CodeFiles\Core\Core.h">
      <Filter>Code Files\Core</Filter>
    </ClInclude>
    <ClInclude Include="CodeFiles\Core\Event\EventObject\EventObject.h">
      <Filter>Code Files\Core\Event\EventObject</Filter>
    </ClInclude>
    <ClInclude Include="CodeFiles\Core\Event\Event.h">
      <Filter>Code Files\Core\Event</Filter>
    </ClInclude>
    <ClInclude Include="CodeFiles\Core\Object\Object\Object.h">
      <Filter>Code Files\Core\Object\Object</Filter>
    </ClInclude>
    <ClInclude Include="CodeFiles\Core\Object\Object.h">
      <Filter>Code Files\Core\Object</Filter>
    </ClInclude>
    <ClInclude Include="CodeFiles\Core\Object\ObjectEvent\ObjectEvent.h">
      <Filter>Code Files\Core\Object\ObjectEvent</Filter>
    </ClInclude>
    <ClInclude Include="CodeFiles\Core\Xml\Xml.h">
      <Filter>Code Files\Core\Xml</Filter>
    </ClInclude>
    <ClInclude Include="CodeFiles\Core\Xml\GuiXml\GuiXml.h">
      <Filter>Code Files\Core\Xml\GuiXml</Filter>
    </ClInclude>
  </ItemGroup>
</Project>